
Microsoft Visual Studio Solution File, Format Version 12.00
# Visual Studio Version 17
VisualStudioVersion = 17.14.36518.9 d17.14
MinimumVisualStudioVersion = 10.0.40219.1
Project("{FAE04EC0-301F-11D3-BF4B-00C04F79EFBC}") = "grpc_client", "grpc_client\grpc_client.csproj", "{672A8634-B2D9-4F59-B6D9-67E460ADA76F}"
EndProject
Project("{FAE04EC0-301F-11D3-BF4B-00C04F79EFBC}") = "grpc_server", "grpc_server\grpc_server.csproj", "{5BE36906-D025-43DB-B7CC-3F40B752BEA0}"
EndProject
Global
	GlobalSection(SolutionConfigurationPlatforms) = preSolution
		Debug|Any CPU = Debug|Any CPU
		Release|Any CPU = Release|Any CPU
	EndGlobalSection
	GlobalSection(ProjectConfigurationPlatforms) = postSolution
		{672A8634-B2D9-4F59-B6D9-67E460ADA76F}.Debug|Any CPU.ActiveCfg = Debug|Any CPU
		{672A8634-B2D9-4F59-B6D9-67E460ADA76F}.Debug|Any CPU.Build.0 = Debug|Any CPU
		{672A8634-B2D9-4F59-B6D9-67E460ADA76F}.Release|Any CPU.ActiveCfg = Release|Any CPU
		{672A8634-B2D9-4F59-B6D9-67E460ADA76F}.Release|Any CPU.Build.0 = Release|Any CPU
		{5BE36906-D025-43DB-B7CC-3F40B752BEA0}.Debug|Any CPU.ActiveCfg = Debug|Any CPU
		{5BE36906-D025-43DB-B7CC-3F40B752BEA0}.Debug|Any CPU.Build.0 = Debug|Any CPU
		{5BE36906-D025-43DB-B7CC-3F40B752BEA0}.Release|Any CPU.ActiveCfg = Release|Any CPU
		{5BE36906-D025-43DB-B7CC-3F40B752BEA0}.Release|Any CPU.Build.0 = Release|Any CPU
	EndGlobalSection
	GlobalSection(SolutionProperties) = preSolution
		HideSolutionNode = FALSE
	EndGlobalSection
	GlobalSection(ExtensibilityGlobals) = postSolution
		SolutionGuid = {0DD85001-7074-41C8-AAFE-AB6746550EC4}
	EndGlobalSection
EndGlobal
